
Microsoft Visual Studio Solution File, Format Version 10.00
# Visual C++ Express 2008
Project("{8BC9CEB8-8B4A-11D0-8D11-00A0C91BC942}") = "Penovox-Src", "Penovox-Src\Penovox-Src.vcproj", "{025DCD57-A9F7-44F4-9126-F5A5F4518D0B}"
EndProject
Global
	GlobalSection(SolutionConfigurationPlatforms) = preSolution
		Debug|Win32 = Debug|Win32
		Release|Win32 = Release|Win32
	EndGlobalSection
	GlobalSection(ProjectConfigurationPlatforms) = postSolution
		{025DCD57-A9F7-44F4-9126-F5A5F4518D0B}.Debug|Win32.ActiveCfg = Debug|Win32
		{025DCD57-A9F7-44F4-9126-F5A5F4518D0B}.Debug|Win32.Build.0 = Debug|Win32
		{025DCD57-A9F7-44F4-9126-F5A5F4518D0B}.Release|Win32.ActiveCfg = Release|Win32
		{025DCD57-A9F7-44F4-9126-F5A5F4518D0B}.Release|Win32.Build.0 = Release|Win32
	EndGlobalSection
	GlobalSection(SolutionProperties) = preSolution
		HideSolutionNode = FALSE
	EndGlobalSection
EndGlobal
